
Microsoft Visual Studio Solution File, Format Version 12.00
# Visual Studio Version 17
VisualStudioVersion = 17.13.35818.85 d17.13
MinimumVisualStudioVersion = 10.0.40219.1
Project("{FAE04EC0-301F-11D3-BF4B-00C04F79EFBC}") = "challenge1", "challenge1\challenge1.csproj", "{ED262E4C-8FC7-4F8E-8CA2-7F6485E96B24}"
EndProject
Global
	GlobalSection(SolutionConfigurationPlatforms) = preSolution
		Debug|Any CPU = Debug|Any CPU
		Release|Any CPU = Release|Any CPU
	EndGlobalSection
	GlobalSection(ProjectConfigurationPlatforms) = postSolution
		{ED262E4C-8FC7-4F8E-8CA2-7F6485E96B24}.Debug|Any CPU.ActiveCfg = Debug|Any CPU
		{ED262E4C-8FC7-4F8E-8CA2-7F6485E96B24}.Debug|Any CPU.Build.0 = Debug|Any CPU
		{ED262E4C-8FC7-4F8E-8CA2-7F6485E96B24}.Release|Any CPU.ActiveCfg = Release|Any CPU
		{ED262E4C-8FC7-4F8E-8CA2-7F6485E96B24}.Release|Any CPU.Build.0 = Release|Any CPU
	EndGlobalSection
	GlobalSection(SolutionProperties) = preSolution
		HideSolutionNode = FALSE
	EndGlobalSection
	GlobalSection(ExtensibilityGlobals) = postSolution
		SolutionGuid = {E1E88F99-03F2-4EDA-AE74-872831EEB433}
	EndGlobalSection
EndGlobal
